# This file is automatically @generated by Cargo.
# It is not intended for manual editing.
version = 4

[[package]]
name = "bitflags"
version = "2.11.1"
source = "registry+https://github.com/rust-lang/crates.io-index"
checksum = "c4512299f36f043ab09a583e57bceb5a5aab7a73db1805848e8fef3c9e8c78b3"

[[package]]
name = "cfg-if"
version = "1.0.4"
source = "registry+https://github.com/rust-lang/crates.io-index"
checksum = "9330f8b2ff13f34540b44e946ef35111825727b38d33286ef986142615121801"

[[package]]
name = "equivalent"
version = "1.0.2"
source = "registry+https://github.com/rust-lang/crates.io-index"
checksum = "877a4ace8713b0bcf2a4e7eec82529c029f1d0619886d18145fea96c3ffe5c0f"

[[package]]
name = "filetime"
version = "0.2.27"
source = "registry+https://github.com/rust-lang/crates.io-index"
checksum = "f98844151eee8917efc50bd9e8318cb963ae8b297431495d3f758616ea5c57db"
dependencies = [
 "cfg-if",
 "libc",
 "libredox",
]

[[package]]
name = "fskit"
version = "0.2.0"
source = "registry+https://github.com/rust-lang/crates.io-index"
checksum = "50473d85c892ab8cc04021d0b929f2c7ad1648c1af08cd2918b057c0f803166e"
dependencies = [
 "jiff",
 "vfs",
]

[[package]]
name = "hashbrown"
version = "0.16.1"
source = "registry+https://github.com/rust-lang/crates.io-index"
checksum = "841d1cc9bed7f9236f321df977030373f4a4163ae1a7dbfe1a51a2c1a51d9100"

[[package]]
name = "hashbrown"
version = "0.17.0"
source = "registry+https://github.com/rust-lang/crates.io-index"
checksum = "4f467dd6dccf739c208452f8014c75c18bb8301b050ad1cfb27153803edb0f51"

[[package]]
name = "hxy-app"
version = "0.1.0"
dependencies = [
 "hxy-core",
 "hxy-i18n",
 "hxy-view",
]

[[package]]
name = "hxy-core"
version = "0.1.0"
dependencies = [
 "fskit",
 "jiff",
 "rootcause",
 "serde",
 "thiserror",
 "vfs",
]

[[package]]
name = "hxy-i18n"
version = "0.1.0"

[[package]]
name = "hxy-view"
version = "0.1.0"
dependencies = [
 "hxy-core",
]

[[package]]
name = "indexmap"
version = "2.14.0"
source = "registry+https://github.com/rust-lang/crates.io-index"
checksum = "d466e9454f08e4a911e14806c24e16fba1b4c121d1ea474396f396069cf949d9"
dependencies = [
 "equivalent",
 "hashbrown 0.17.0",
]

[[package]]
name = "jiff"
version = "0.2.24"
source = "registry+https://github.com/rust-lang/crates.io-index"
checksum = "f00b5dbd620d61dfdcb6007c9c1f6054ebd75319f163d886a9055cec1155073d"
dependencies = [
 "jiff-static",
 "jiff-tzdb-platform",
 "log",
 "portable-atomic",
 "portable-atomic-util",
 "serde_core",
 "windows-sys",
]

[[package]]
name = "jiff-static"
version = "0.2.24"
source = "registry+https://github.com/rust-lang/crates.io-index"
checksum = "e000de030ff8022ea1da3f466fbb0f3a809f5e51ed31f6dd931c35181ad8e6d7"
dependencies = [
 "proc-macro2",
 "quote",
 "syn",
]

[[package]]
name = "jiff-tzdb"
version = "0.1.6"
source = "registry+https://github.com/rust-lang/crates.io-index"
checksum = "c900ef84826f1338a557697dc8fc601df9ca9af4ac137c7fb61d4c6f2dfd3076"

[[package]]
name = "jiff-tzdb-platform"
version = "0.1.3"
source = "registry+https://github.com/rust-lang/crates.io-index"
checksum = "875a5a69ac2bab1a891711cf5eccbec1ce0341ea805560dcd90b7a2e925132e8"
dependencies = [
 "jiff-tzdb",
]

[[package]]
name = "libc"
version = "0.2.185"
source = "registry+https://github.com/rust-lang/crates.io-index"
checksum = "52ff2c0fe9bc6cb6b14a0592c2ff4fa9ceb83eea9db979b0487cd054946a2b8f"

[[package]]
name = "libredox"
version = "0.1.16"
source = "registry+https://github.com/rust-lang/crates.io-index"
checksum = "e02f3bb43d335493c96bf3fd3a321600bf6bd07ed34bc64118e9293bdffea46c"
dependencies = [
 "bitflags",
 "libc",
 "plain",
 "redox_syscall",
]

[[package]]
name = "log"
version = "0.4.29"
source = "registry+https://github.com/rust-lang/crates.io-index"
checksum = "5e5032e24019045c762d3c0f28f5b6b8bbf38563a65908389bf7978758920897"

[[package]]
name = "plain"
version = "0.2.3"
source = "registry+https://github.com/rust-lang/crates.io-index"
checksum = "b4596b6d070b27117e987119b4dac604f3c58cfb0b191112e24771b2faeac1a6"

[[package]]
name = "portable-atomic"
version = "1.13.1"
source = "registry+https://github.com/rust-lang/crates.io-index"
checksum = "c33a9471896f1c69cecef8d20cbe2f7accd12527ce60845ff44c153bb2a21b49"

[[package]]
name = "portable-atomic-util"
version = "0.2.7"
source = "registry+https://github.com/rust-lang/crates.io-index"
checksum = "c2a106d1259c23fac8e543272398ae0e3c0b8d33c88ed73d0cc71b0f1d902618"
dependencies = [
 "portable-atomic",
]

[[package]]
name = "proc-macro2"
version = "1.0.106"
source = "registry+https://github.com/rust-lang/crates.io-index"
checksum = "8fd00f0bb2e90d81d1044c2b32617f68fcb9fa3bb7640c23e9c748e53fb30934"
dependencies = [
 "unicode-ident",
]

[[package]]
name = "quote"
version = "1.0.45"
source = "registry+https://github.com/rust-lang/crates.io-index"
checksum = "41f2619966050689382d2b44f664f4bc593e129785a36d6ee376ddf37259b924"
dependencies = [
 "proc-macro2",
]

[[package]]
name = "redox_syscall"
version = "0.7.4"
source = "registry+https://github.com/rust-lang/crates.io-index"
checksum = "f450ad9c3b1da563fb6948a8e0fb0fb9269711c9c73d9ea1de5058c79c8d643a"
dependencies = [
 "bitflags",
]

[[package]]
name = "rootcause"
version = "0.12.1"
source = "registry+https://github.com/rust-lang/crates.io-index"
checksum = "4fc4bd36159c7ce180fe2de1e5371ef107a2885f0048430f631e78202e2255d4"
dependencies = [
 "hashbrown 0.16.1",
 "indexmap",
 "rootcause-internals",
 "rustc-hash",
 "triomphe",
]

[[package]]
name = "rootcause-internals"
version = "0.12.1"
source = "registry+https://github.com/rust-lang/crates.io-index"
checksum = "4d0df4f84d119d09b5c9c9e8db0fe9bfb5b47b04d0bb95b0763cf81bd9baa559"
dependencies = [
 "triomphe",
]

[[package]]
name = "rustc-hash"
version = "2.1.2"
source = "registry+https://github.com/rust-lang/crates.io-index"
checksum = "94300abf3f1ae2e2b8ffb7b58043de3d399c73fa6f4b73826402a5c457614dbe"

[[package]]
name = "serde"
version = "1.0.228"
source = "registry+https://github.com/rust-lang/crates.io-index"
checksum = "9a8e94ea7f378bd32cbbd37198a4a91436180c5bb472411e48b5ec2e2124ae9e"
dependencies = [
 "serde_core",
 "serde_derive",
]

[[package]]
name = "serde_core"
version = "1.0.228"
source = "registry+https://github.com/rust-lang/crates.io-index"
checksum = "41d385c7d4ca58e59fc732af25c3983b67ac852c1a25000afe1175de458b67ad"
dependencies = [
 "serde_derive",
]

[[package]]
name = "serde_derive"
version = "1.0.228"
source = "registry+https://github.com/rust-lang/crates.io-index"
checksum = "d540f220d3187173da220f885ab66608367b6574e925011a9353e4badda91d79"
dependencies = [
 "proc-macro2",
 "quote",
 "syn",
]

[[package]]
name = "syn"
version = "2.0.117"
source = "registry+https://github.com/rust-lang/crates.io-index"
checksum = "e665b8803e7b1d2a727f4023456bbbbe74da67099c585258af0ad9c5013b9b99"
dependencies = [
 "proc-macro2",
 "quote",
 "unicode-ident",
]

[[package]]
name = "thiserror"
version = "2.0.18"
source = "registry+https://github.com/rust-lang/crates.io-index"
checksum = "4288b5bcbc7920c07a1149a35cf9590a2aa808e0bc1eafaade0b80947865fbc4"
dependencies = [
 "thiserror-impl",
]

[[package]]
name = "thiserror-impl"
version = "2.0.18"
source = "registry+https://github.com/rust-lang/crates.io-index"
checksum = "ebc4ee7f67670e9b64d05fa4253e753e016c6c95ff35b89b7941d6b856dec1d5"
dependencies = [
 "proc-macro2",
 "quote",
 "syn",
]

[[package]]
name = "triomphe"
version = "0.1.15"
source = "registry+https://github.com/rust-lang/crates.io-index"
checksum = "dd69c5aa8f924c7519d6372789a74eac5b94fb0f8fcf0d4a97eb0bfc3e785f39"

[[package]]
name = "unicode-ident"
version = "1.0.24"
source = "registry+https://github.com/rust-lang/crates.io-index"
checksum = "e6e4313cd5fcd3dad5cafa179702e2b244f760991f45397d14d4ebf38247da75"

[[package]]
name = "vfs"
version = "0.13.0"
source = "registry+https://github.com/rust-lang/crates.io-index"
checksum = "69d33cbe2ac48f2a446f04c33aef4906078ffd224888df5ae60b7ed401ded771"
dependencies = [
 "filetime",
]

[[package]]
name = "windows-link"
version = "0.2.1"
source = "registry+https://github.com/rust-lang/crates.io-index"
checksum = "f0805222e57f7521d6a62e36fa9163bc891acd422f971defe97d64e70d0a4fe5"

[[package]]
name = "windows-sys"
version = "0.61.2"
source = "registry+https://github.com/rust-lang/crates.io-index"
checksum = "ae137229bcbd6cdf0f7b80a31df61766145077ddf49416a728b02cb3921ff3fc"
dependencies = [
 "windows-link",
]
